
Microsoft Visual Studio Solution File, Format Version 12.00
# Visual Studio Version 17
VisualStudioVersion = 17.7.34221.43
MinimumVisualStudioVersion = 10.0.40219.1
Project("{9A19103F-16F7-4668-BE54-9A1E7A4F7556}") = "Pokedex.Core", "Pokedex.Core\Pokedex.Core.csproj", "{B8FB13B3-26F5-47CF-93C1-45D902A9947F}"
EndProject
Project("{9A19103F-16F7-4668-BE54-9A1E7A4F7556}") = "Pokedex.Data", "Pokedex.Data\Pokedex.Data.csproj", "{170FC7DC-7A5A-4D6E-A003-554584BB9CDE}"
EndProject
Project("{9A19103F-16F7-4668-BE54-9A1E7A4F7556}") = "Pokedex.Service", "Pokedex.Service\Pokedex.Service.csproj", "{F2005B70-D10A-491F-9639-D138201A07CF}"
EndProject
Project("{9A19103F-16F7-4668-BE54-9A1E7A4F7556}") = "Pokedex.Api", "Pokedex.Api\Pokedex.Api.csproj", "{6F350CD5-5D96-4354-8546-213B4AA0A2D3}"
EndProject
Project("{2150E333-8FDC-42A3-9474-1A3956D46DE8}") = "Pokedex.MicroServices", "Pokedex.MicroServices", "{139F7242-7790-41AD-B1D2-9EF8E142FE41}"
EndProject
Project("{9A19103F-16F7-4668-BE54-9A1E7A4F7556}") = "Pokedex.Importer", "Pokedex.Importer\Pokedex.Importer.csproj", "{0639195D-0D2C-47D4-A0C7-7DFC281890E9}"
EndProject
Project("{2150E333-8FDC-42A3-9474-1A3956D46DE8}") = "Itens de Solução", "Itens de Solução", "{80013DE7-09D4-4359-A682-D05D9AB0EA83}"
	ProjectSection(SolutionItems) = preProject
		.gitignore = .gitignore
	EndProjectSection
EndProject
Global
	GlobalSection(SolutionConfigurationPlatforms) = preSolution
		Debug|Any CPU = Debug|Any CPU
		Release|Any CPU = Release|Any CPU
	EndGlobalSection
	GlobalSection(ProjectConfigurationPlatforms) = postSolution
		{B8FB13B3-26F5-47CF-93C1-45D902A9947F}.Debug|Any CPU.ActiveCfg = Debug|Any CPU
		{B8FB13B3-26F5-47CF-93C1-45D902A9947F}.Debug|Any CPU.Build.0 = Debug|Any CPU
		{B8FB13B3-26F5-47CF-93C1-45D902A9947F}.Release|Any CPU.ActiveCfg = Release|Any CPU
		{B8FB13B3-26F5-47CF-93C1-45D902A9947F}.Release|Any CPU.Build.0 = Release|Any CPU
		{170FC7DC-7A5A-4D6E-A003-554584BB9CDE}.Debug|Any CPU.ActiveCfg = Debug|Any CPU
		{170FC7DC-7A5A-4D6E-A003-554584BB9CDE}.Debug|Any CPU.Build.0 = Debug|Any CPU
		{170FC7DC-7A5A-4D6E-A003-554584BB9CDE}.Release|Any CPU.ActiveCfg = Release|Any CPU
		{170FC7DC-7A5A-4D6E-A003-554584BB9CDE}.Release|Any CPU.Build.0 = Release|Any CPU
		{F2005B70-D10A-491F-9639-D138201A07CF}.Debug|Any CPU.ActiveCfg = Debug|Any CPU
		{F2005B70-D10A-491F-9639-D138201A07CF}.Debug|Any CPU.Build.0 = Debug|Any CPU
		{F2005B70-D10A-491F-9639-D138201A07CF}.Release|Any CPU.ActiveCfg = Release|Any CPU
		{F2005B70-D10A-491F-9639-D138201A07CF}.Release|Any CPU.Build.0 = Release|Any CPU
		{6F350CD5-5D96-4354-8546-213B4AA0A2D3}.Debug|Any CPU.ActiveCfg = Debug|Any CPU
		{6F350CD5-5D96-4354-8546-213B4AA0A2D3}.Debug|Any CPU.Build.0 = Debug|Any CPU
		{6F350CD5-5D96-4354-8546-213B4AA0A2D3}.Release|Any CPU.ActiveCfg = Release|Any CPU
		{6F350CD5-5D96-4354-8546-213B4AA0A2D3}.Release|Any CPU.Build.0 = Release|Any CPU
		{0639195D-0D2C-47D4-A0C7-7DFC281890E9}.Debug|Any CPU.ActiveCfg = Debug|Any CPU
		{0639195D-0D2C-47D4-A0C7-7DFC281890E9}.Debug|Any CPU.Build.0 = Debug|Any CPU
		{0639195D-0D2C-47D4-A0C7-7DFC281890E9}.Release|Any CPU.ActiveCfg = Release|Any CPU
		{0639195D-0D2C-47D4-A0C7-7DFC281890E9}.Release|Any CPU.Build.0 = Release|Any CPU
	EndGlobalSection
	GlobalSection(SolutionProperties) = preSolution
		HideSolutionNode = FALSE
	EndGlobalSection
	GlobalSection(NestedProjects) = preSolution
		{0639195D-0D2C-47D4-A0C7-7DFC281890E9} = {139F7242-7790-41AD-B1D2-9EF8E142FE41}
	EndGlobalSection
	GlobalSection(ExtensibilityGlobals) = postSolution
		SolutionGuid = {02323F42-A7B4-47B9-9842-AF886C4D3D93}
	EndGlobalSection
EndGlobal
